
Microsoft Visual Studio Solution File, Format Version 12.00
# Visual Studio Version 17
VisualStudioVersion = 17.9.34723.18
MinimumVisualStudioVersion = 10.0.40219.1
Project("{FAE04EC0-301F-11D3-BF4B-00C04F79EFBC}") = "VirtualLibrary.DAL", "VirtualLibrary.DAL\VirtualLibrary.DAL.csproj", "{CD5E3E0F-4AA9-422E-814C-3FCDFEF37F2D}"
EndProject
Project("{FAE04EC0-301F-11D3-BF4B-00C04F79EFBC}") = "VirtualLibrary.Models", "VirtualLibrary.Models\VirtualLibrary.Models.csproj", "{0CEB0496-3CBF-4FF8-962C-8E16B4FCFE1E}"
EndProject
Project("{FAE04EC0-301F-11D3-BF4B-00C04F79EFBC}") = "VirtualLibrary.BLL", "VirtualLibrary.BLL\VirtualLibrary.BLL.csproj", "{BBAC86ED-3BC1-4CE2-9A17-49951CA8AB31}"
EndProject
Project("{FAE04EC0-301F-11D3-BF4B-00C04F79EFBC}") = "VirtualLibrary.WebAPI", "VirtualLibrary.WebAPI\VirtualLibrary.WebAPI.csproj", "{90E8CC30-8C3A-459B-AFD7-C6412400B825}"
EndProject
Global
	GlobalSection(SolutionConfigurationPlatforms) = preSolution
		Debug|Any CPU = Debug|Any CPU
		Release|Any CPU = Release|Any CPU
	EndGlobalSection
	GlobalSection(ProjectConfigurationPlatforms) = postSolution
		{CD5E3E0F-4AA9-422E-814C-3FCDFEF37F2D}.Debug|Any CPU.ActiveCfg = Debug|Any CPU
		{CD5E3E0F-4AA9-422E-814C-3FCDFEF37F2D}.Debug|Any CPU.Build.0 = Debug|Any CPU
		{CD5E3E0F-4AA9-422E-814C-3FCDFEF37F2D}.Release|Any CPU.ActiveCfg = Release|Any CPU
		{CD5E3E0F-4AA9-422E-814C-3FCDFEF37F2D}.Release|Any CPU.Build.0 = Release|Any CPU
		{0CEB0496-3CBF-4FF8-962C-8E16B4FCFE1E}.Debug|Any CPU.ActiveCfg = Debug|Any CPU
		{0CEB0496-3CBF-4FF8-962C-8E16B4FCFE1E}.Debug|Any CPU.Build.0 = Debug|Any CPU
		{0CEB0496-3CBF-4FF8-962C-8E16B4FCFE1E}.Release|Any CPU.ActiveCfg = Release|Any CPU
		{0CEB0496-3CBF-4FF8-962C-8E16B4FCFE1E}.Release|Any CPU.Build.0 = Release|Any CPU
		{BBAC86ED-3BC1-4CE2-9A17-49951CA8AB31}.Debug|Any CPU.ActiveCfg = Debug|Any CPU
		{BBAC86ED-3BC1-4CE2-9A17-49951CA8AB31}.Debug|Any CPU.Build.0 = Debug|Any CPU
		{BBAC86ED-3BC1-4CE2-9A17-49951CA8AB31}.Release|Any CPU.ActiveCfg = Release|Any CPU
		{BBAC86ED-3BC1-4CE2-9A17-49951CA8AB31}.Release|Any CPU.Build.0 = Release|Any CPU
		{90E8CC30-8C3A-459B-AFD7-C6412400B825}.Debug|Any CPU.ActiveCfg = Debug|Any CPU
		{90E8CC30-8C3A-459B-AFD7-C6412400B825}.Debug|Any CPU.Build.0 = Debug|Any CPU
		{90E8CC30-8C3A-459B-AFD7-C6412400B825}.Release|Any CPU.ActiveCfg = Release|Any CPU
		{90E8CC30-8C3A-459B-AFD7-C6412400B825}.Release|Any CPU.Build.0 = Release|Any CPU
	EndGlobalSection
	GlobalSection(SolutionProperties) = preSolution
		HideSolutionNode = FALSE
	EndGlobalSection
	GlobalSection(ExtensibilityGlobals) = postSolution
		SolutionGuid = {D895EBE6-20F5-45DF-BF00-CDACA676C214}
	EndGlobalSection
EndGlobal
